# This file is autogenerated, do not edit; changes may be undone by the next 'dep ensure'.


[[projects]]
  digest = "1:76dc72490af7174349349838f2fe118996381b31ea83243812a97e5a0fd5ed55"
  name = "github.com/dgrijalva/jwt-go"
  packages = ["."]
  pruneopts = "UT"
  revision = "06ea1031745cb8b3dab3f6a236daf2b0aa468b7e"
  version = "v3.2.0"

[[projects]]
  digest = "1:683fecd68efcf2fb7507f0cec0feb9d910e8e68634548143d4bb73a8009003e4"
  name = "github.com/fasthttp/router"
  packages = ["."]
  pruneopts = "UT"
  revision = "3ce280e73139a37a6693625fb7f0b50352c14fd6"
  version = "v0.1.1"

[[projects]]
  branch = "master"
  digest = "1:cdbed6a7b574b13bbabcd8c36c5be56d6444789bab21fcd37d39655eab0b2141"
  name = "github.com/klauspost/compress"
  packages = [
    "flate",
    "gzip",
    "zlib",
  ]
  pruneopts = "UT"
  revision = "b50017755d442260d792c34c7c43216d9ba7ffc7"

[[projects]]
  branch = "master"
  digest = "1:2d643962fac133904694fffa959bc3c5dcfdcee38c6f5ffdd99a3c93eb9c835c"
  name = "github.com/klauspost/cpuid"
  packages = ["."]
  pruneopts = "UT"
  revision = "e7e905edc00ea8827e58662220139109efea09db"

[[projects]]
  digest = "1:2dd07416292e901c9a7a47133fa730d6291277d3fdcb8fca7f37c27d80434677"
  name = "github.com/savsgio/go-logger"
  packages = ["."]
  pruneopts = "UT"
  revision = "505684d232ffd30031ab04e9444ad47f1751bb55"
  version = "v2.1.1"

[[projects]]
  branch = "master"
  digest = "1:f52b91ab1b58aa5217d6094865dda519f75296c3884380526cd127bc19f02461"
  name = "github.com/valyala/bytebufferpool"
  packages = ["."]
  pruneopts = "UT"
  revision = "cdfbe9377474227bb42120c1e22fd4433e7f69bf"

[[projects]]
  branch = "master"
  digest = "1:9680845f9637af319f0d90a80c5ac4c6639ed2bbae15f9611c6efa032cd15159"
  name = "github.com/valyala/fasthttp"
  packages = [
    ".",
    "fasthttputil",
    "reuseport",
    "stackless",
  ]
  pruneopts = "UT"
  revision = "996610f021ff45fdc98c2ce7884d5fa4e7f9199b"

[[projects]]
  branch = "master"
  digest = "1:8507835fade46d48a94828b351e1f8fb83df1aa65ba1e67c9493b0a1b47abc73"
  name = "github.com/valyala/tcplisten"
  packages = ["."]
  pruneopts = "UT"
  revision = "ceec8f93295a060cdb565ec25e4ccf17941dbd55"

[solve-meta]
  analyzer-name = "dep"
  analyzer-version = 1
  input-imports = [
    "github.com/dgrijalva/jwt-go",
    "github.com/fasthttp/router",
    "github.com/savsgio/go-logger",
    "github.com/valyala/bytebufferpool",
    "github.com/valyala/fasthttp",
    "github.com/valyala/fasthttp/fasthttputil",
    "github.com/valyala/fasthttp/reuseport",
  ]
  solver-name = "gps-cdcl"
  solver-version = 1
