# This file is autogenerated, do not edit; changes may be undone by the next 'dep ensure'.


[[projects]]
  name = "github.com/dgrijalva/jwt-go"
  packages = ["."]
  revision = "06ea1031745cb8b3dab3f6a236daf2b0aa468b7e"
  version = "v3.2.0"

[[projects]]
  branch = "master"
  name = "github.com/erikdubbelboer/fasthttp"
  packages = [
    ".",
    "fasthttputil",
    "reuseport",
    "stackless"
  ]
  revision = "2afed0033c15042efabece65087a0c5c6c40847f"

[[projects]]
  name = "github.com/klauspost/compress"
  packages = [
    "flate",
    "gzip",
    "zlib"
  ]
  revision = "b939724e787a27c0005cabe3f78e7ed7987ac74f"
  version = "v1.4.0"

[[projects]]
  branch = "master"
  name = "github.com/klauspost/cpuid"
  packages = ["."]
  revision = "e7e905edc00ea8827e58662220139109efea09db"

[[projects]]
  name = "github.com/savsgio/go-logger"
  packages = ["."]
  revision = "71007ae121f4f5588fc8e9e5ab5dbf25b1861ced"
  version = "v1.0.0"

[[projects]]
  name = "github.com/thehowl/fasthttprouter"
  packages = ["."]
  revision = "0e77ecfde28ad422d670671c17415e1d15f0f5be"
  version = "v0.2.1"

[[projects]]
  branch = "master"
  name = "github.com/valyala/bytebufferpool"
  packages = ["."]
  revision = "e746df99fe4a3986f4d4f79e13c1e0117ce9c2f7"

[[projects]]
  branch = "master"
  name = "github.com/valyala/tcplisten"
  packages = ["."]
  revision = "ceec8f93295a060cdb565ec25e4ccf17941dbd55"

[solve-meta]
  analyzer-name = "dep"
  analyzer-version = 1
  inputs-digest = "e6094ebe45942d858de0a338400808a342cd9bc2d9ce5b50f4ec31849a284afc"
  solver-name = "gps-cdcl"
  solver-version = 1
